
Microsoft Visual Studio Solution File, Format Version 12.00
# Visual Studio Version 17
VisualStudioVersion = 17.6.33723.286
MinimumVisualStudioVersion = 10.0.40219.1
Project("{888888A0-9F3D-457C-B088-3A5042F75D52}") = "Ali's App", "Ali's App.pyproj", "{5F5E6F85-5F3E-4078-82F0-EFC65C0186C2}"
EndProject
Global
	GlobalSection(SolutionConfigurationPlatforms) = preSolution
		Debug|Any CPU = Debug|Any CPU
		Release|Any CPU = Release|Any CPU
	EndGlobalSection
	GlobalSection(ProjectConfigurationPlatforms) = postSolution
		{5F5E6F85-5F3E-4078-82F0-EFC65C0186C2}.Debug|Any CPU.ActiveCfg = Debug|Any CPU
		{5F5E6F85-5F3E-4078-82F0-EFC65C0186C2}.Release|Any CPU.ActiveCfg = Release|Any CPU
	EndGlobalSection
	GlobalSection(SolutionProperties) = preSolution
		HideSolutionNode = FALSE
	EndGlobalSection
	GlobalSection(ExtensibilityGlobals) = postSolution
		SolutionGuid = {2853549E-CDFD-46B8-AA64-DB5BAC622D1A}
	EndGlobalSection
EndGlobal
